
Microsoft Visual Studio Solution File, Format Version 12.00
# Visual Studio Version 17
VisualStudioVersion = 17.5.33530.505
MinimumVisualStudioVersion = 10.0.40219.1
Project("{FAE04EC0-301F-11D3-BF4B-00C04F79EFBC}") = "WindowsFormsApp1", "WindowsFormsApp1\WindowsFormsApp1.csproj", "{2FFF7B83-3F5F-4DEE-A58D-BCFE5F8C8379}"
EndProject
Global
	GlobalSection(SolutionConfigurationPlatforms) = preSolution
		Debug|Any CPU = Debug|Any CPU
		Release|Any CPU = Release|Any CPU
	EndGlobalSection
	GlobalSection(ProjectConfigurationPlatforms) = postSolution
		{2FFF7B83-3F5F-4DEE-A58D-BCFE5F8C8379}.Debug|Any CPU.ActiveCfg = Debug|Any CPU
		{2FFF7B83-3F5F-4DEE-A58D-BCFE5F8C8379}.Debug|Any CPU.Build.0 = Debug|Any CPU
		{2FFF7B83-3F5F-4DEE-A58D-BCFE5F8C8379}.Release|Any CPU.ActiveCfg = Release|Any CPU
		{2FFF7B83-3F5F-4DEE-A58D-BCFE5F8C8379}.Release|Any CPU.Build.0 = Release|Any CPU
	EndGlobalSection
	GlobalSection(SolutionProperties) = preSolution
		HideSolutionNode = FALSE
	EndGlobalSection
	GlobalSection(ExtensibilityGlobals) = postSolution
		SolutionGuid = {23BD9B71-4DCD-4BF2-8607-B44B28D212F7}
	EndGlobalSection
EndGlobal
